{
  "requires": true,
  "lockfileVersion": 1,
  "dependencies": {
    "@angular/cdk": {
      "version": "9.2.0",
      "resolved": "https://registry.npmjs.org/@angular/cdk/-/cdk-9.2.0.tgz",
      "integrity": "sha512-jeeznvNDpR9POuxzz8Y0zFvMynG9HCJo3ZPTqOjlOq8Lj8876+rLsHDvKEMeLdwlkdi1EweYJW1CLQzI+TwqDA==",
      "requires": {
        "parse5": "^5.0.0"
      }
    },
    "@angular/flex-layout": {
      "version": "9.0.0-beta.29",
      "resolved": "https://registry.npmjs.org/@angular/flex-layout/-/flex-layout-9.0.0-beta.29.tgz",
      "integrity": "sha512-93sxR+kYfYMOdnlWL0Q77FZ428gg8XnBu0YZm6GsCdkw/vLggIT/G1ZAqHlCPIODt6pxmCJ5KXh4ShvniIYDsA=="
    },
    "parse5": {
      "version": "5.1.1",
      "resolved": "https://registry.npmjs.org/parse5/-/parse5-5.1.1.tgz",
      "integrity": "sha512-ugq4DFI0Ptb+WWjAdOK16+u/nHfiIrcE+sh8kZMaM0WllQKLI9rOUq6c2b7cwPkXdzfQESqvoqK6ug7U/Yyzug==",
      "optional": true
    }
  }
}
